
Microsoft Visual Studio Solution File, Format Version 12.00
# Visual Studio Version 16
VisualStudioVersion = 16.0.30204.135
MinimumVisualStudioVersion = 10.0.40219.1
Project("{FAE04EC0-301F-11D3-BF4B-00C04F79EFBC}") = "AWSCostAndUsage", "AWSCostAndUsage\AWSCostAndUsage.csproj", "{531A8276-BAC4-42F6-9EB4-6AE8E554D12A}"
EndProject
Global
	GlobalSection(SolutionConfigurationPlatforms) = preSolution
		Debug|Any CPU = Debug|Any CPU
		Release|Any CPU = Release|Any CPU
	EndGlobalSection
	GlobalSection(ProjectConfigurationPlatforms) = postSolution
		{531A8276-BAC4-42F6-9EB4-6AE8E554D12A}.Debug|Any CPU.ActiveCfg = Debug|Any CPU
		{531A8276-BAC4-42F6-9EB4-6AE8E554D12A}.Debug|Any CPU.Build.0 = Debug|Any CPU
		{531A8276-BAC4-42F6-9EB4-6AE8E554D12A}.Release|Any CPU.ActiveCfg = Release|Any CPU
		{531A8276-BAC4-42F6-9EB4-6AE8E554D12A}.Release|Any CPU.Build.0 = Release|Any CPU
	EndGlobalSection
	GlobalSection(SolutionProperties) = preSolution
		HideSolutionNode = FALSE
	EndGlobalSection
	GlobalSection(ExtensibilityGlobals) = postSolution
		SolutionGuid = {AD6DFA30-7C05-4916-B878-27A88A66EE7A}
	EndGlobalSection
EndGlobal
